
Microsoft Visual Studio Solution File, Format Version 11.00
# Visual Studio 2010
Project("{FAE04EC0-301F-11D3-BF4B-00C04F79EFBC}") = "Connector", "VSIX\Connector.csproj", "{58922993-9830-4A40-B462-0326342F69ED}"
EndProject
Project("{FAE04EC0-301F-11D3-BF4B-00C04F79EFBC}") = "Tests", "Tests\Tests.csproj", "{4FA2CCF2-F7AB-4293-BC2A-632DED551DB3}"
EndProject
Project("{2150E333-8FDC-42A3-9474-1A3956D46DE8}") = "Solution Items", "Solution Items", "{66D54CB9-B8D9-4619-BD84-F37B3615A330}"
	ProjectSection(SolutionItems) = preProject
		.gitignore = .gitignore
		.gitmodules = .gitmodules
		build.bat = build.bat
		Connector.vsmdi = Connector.vsmdi
		License.rtf = License.rtf
		License.txt = License.txt
		Local.testsettings = Local.testsettings
		Performance1.psess = Performance1.psess
		rakefile = rakefile
		test.bat = test.bat
		TraceAndTestImpact.testsettings = TraceAndTestImpact.testsettings
	EndProjectSection
EndProject
Project("{FAE04EC0-301F-11D3-BF4B-00C04F79EFBC}") = "ThoughtWorksMingleLib", "..\Mingle.NET\ThoughtWorksMingleLib\ThoughtWorksMingleLib.csproj", "{85CFE559-DFB3-4CC0-BBA3-4E5B5A9634B5}"
EndProject
Project("{FAE04EC0-301F-11D3-BF4B-00C04F79EFBC}") = "ThoughtWorksCoreLib", "..\Mingle.NET\ThoughtWorksCoreLib\ThoughtWorksCoreLib.csproj", "{CCAB46BA-7559-4630-845C-8BFA38AEC2F0}"
EndProject
Project("{B373B46A-B089-44D7-96CA-CD150D098BC8}") = "spec", "..\Mingle.NET\spec\spec.rbproj", "{0F95F348-C913-4AFA-90E9-0BB982DD3BA1}"
EndProject
Global
	GlobalSection(TeamFoundationVersionControl) = preSolution
		SccNumberOfProjects = 3
		SccEnterpriseProvider = {4CA58AB2-18FA-4F8D-95D4-32DDF27D184C}
		SccTeamFoundationServer = http://107.22.185.110:8080/tfs/solutions
		SccLocalPath0 = .
		SccProjectUniqueName1 = VSIX\\Connector.csproj
		SccProjectName1 = VSIX
		SccLocalPath1 = VSIX
		SccProjectUniqueName2 = Tests\\Tests.csproj
		SccProjectName2 = Tests
		SccLocalPath2 = Tests
	EndGlobalSection
	GlobalSection(TestCaseManagementSettings) = postSolution
		CategoryFile = Connector.vsmdi
	EndGlobalSection
	GlobalSection(SolutionConfigurationPlatforms) = preSolution
		Debug|Any CPU = Debug|Any CPU
		Release|Any CPU = Release|Any CPU
	EndGlobalSection
	GlobalSection(ProjectConfigurationPlatforms) = postSolution
		{58922993-9830-4A40-B462-0326342F69ED}.Debug|Any CPU.ActiveCfg = Debug|Any CPU
		{58922993-9830-4A40-B462-0326342F69ED}.Debug|Any CPU.Build.0 = Debug|Any CPU
		{58922993-9830-4A40-B462-0326342F69ED}.Release|Any CPU.ActiveCfg = Release|Any CPU
		{58922993-9830-4A40-B462-0326342F69ED}.Release|Any CPU.Build.0 = Release|Any CPU
		{4FA2CCF2-F7AB-4293-BC2A-632DED551DB3}.Debug|Any CPU.ActiveCfg = Debug|Any CPU
		{4FA2CCF2-F7AB-4293-BC2A-632DED551DB3}.Debug|Any CPU.Build.0 = Debug|Any CPU
		{4FA2CCF2-F7AB-4293-BC2A-632DED551DB3}.Release|Any CPU.ActiveCfg = Release|Any CPU
		{4FA2CCF2-F7AB-4293-BC2A-632DED551DB3}.Release|Any CPU.Build.0 = Release|Any CPU
		{85CFE559-DFB3-4CC0-BBA3-4E5B5A9634B5}.Debug|Any CPU.ActiveCfg = Debug|Any CPU
		{85CFE559-DFB3-4CC0-BBA3-4E5B5A9634B5}.Debug|Any CPU.Build.0 = Debug|Any CPU
		{85CFE559-DFB3-4CC0-BBA3-4E5B5A9634B5}.Release|Any CPU.ActiveCfg = Release|Any CPU
		{85CFE559-DFB3-4CC0-BBA3-4E5B5A9634B5}.Release|Any CPU.Build.0 = Release|Any CPU
		{CCAB46BA-7559-4630-845C-8BFA38AEC2F0}.Debug|Any CPU.ActiveCfg = Debug|Any CPU
		{CCAB46BA-7559-4630-845C-8BFA38AEC2F0}.Debug|Any CPU.Build.0 = Debug|Any CPU
		{CCAB46BA-7559-4630-845C-8BFA38AEC2F0}.Release|Any CPU.ActiveCfg = Release|Any CPU
		{CCAB46BA-7559-4630-845C-8BFA38AEC2F0}.Release|Any CPU.Build.0 = Release|Any CPU
		{0F95F348-C913-4AFA-90E9-0BB982DD3BA1}.Debug|Any CPU.ActiveCfg = Debug|Any CPU
		{0F95F348-C913-4AFA-90E9-0BB982DD3BA1}.Debug|Any CPU.Build.0 = Debug|Any CPU
		{0F95F348-C913-4AFA-90E9-0BB982DD3BA1}.Release|Any CPU.ActiveCfg = Release|Any CPU
		{0F95F348-C913-4AFA-90E9-0BB982DD3BA1}.Release|Any CPU.Build.0 = Release|Any CPU
	EndGlobalSection
	GlobalSection(SolutionProperties) = preSolution
		HideSolutionNode = FALSE
	EndGlobalSection
EndGlobal
